PODS:
  - Alamofire (4.0.1)

DEPENDENCIES:
  - Alamofire (from `https://github.com/Alamofire/Alamofire.git`, branch `master`)

EXTERNAL SOURCES:
  Alamofire:
    :branch: master
    :git: https://github.com/Alamofire/Alamofire.git

CHECKOUT OPTIONS:
  Alamofire:
    :commit: c71f503898cb24d56857e4e6f0ec7899a9b6fc7b
    :git: https://github.com/Alamofire/Alamofire.git

SPEC CHECKSUMS:
  Alamofire: 7682d43245de14874acd142ec137b144aa1dd335

PODFILE CHECKSUM: 8d8e8367f851b26fdf3460ee994bbc6cc2867f52

COCOAPODS: 1.1.1
